// !$*UTF8*$!
{
	archiveVersion = 1;
	classes = {
	};
	objectVersion = 50;
	objects = {

/* Begin PBXBuildFile section */
		33C5F1B7A61460853839B385 /* Pods_ConnectTests.framework in Frameworks */ = {isa = PBXBuildFile; fileRef = C87A80F8232F8C3D6147E7B1 /* Pods_ConnectTests.framework */; };
		4104981520D29CF6002D3B93 /* Extension.swift in Sources */ = {isa = PBXBuildFile; fileRef = 4104981420D29CF6002D3B93 /* Extension.swift */; };
		4139C47220D14EF20005F73E /* ActivityDetailViewController.swift in Sources */ = {isa = PBXBuildFile; fileRef = 4139C47120D14EF20005F73E /* ActivityDetailViewController.swift */; };
		4149E46E20CEA84800736212 /* SignUpViewController.swift in Sources */ = {isa = PBXBuildFile; fileRef = 4149E46D20CEA84800736212 /* SignUpViewController.swift */; };
		4149E47020CEAA2800736212 /* LoginViewController.swift in Sources */ = {isa = PBXBuildFile; fileRef = 4149E46F20CEAA2800736212 /* LoginViewController.swift */; };
		4155555C20C940D700A1C2CF /* ConnectViewController.swift in Sources */ = {isa = PBXBuildFile; fileRef = 4155555B20C940D700A1C2CF /* ConnectViewController.swift */; };
		41633A0020CFE0AE00A17EAF /* CreateActivityViewController.swift in Sources */ = {isa = PBXBuildFile; fileRef = 416339FF20CFE0AE00A17EAF /* CreateActivityViewController.swift */; };
		41A26AE120D7BC32008A6598 /* ProfileEditViewController.swift in Sources */ = {isa = PBXBuildFile; fileRef = 41A26AE020D7BC32008A6598 /* ProfileEditViewController.swift */; };
		41A26AE320D7EE97008A6598 /* FriendsViewController.swift in Sources */ = {isa = PBXBuildFile; fileRef = 41A26AE220D7EE96008A6598 /* FriendsViewController.swift */; };
		41A26AE520D7EEBA008A6598 /* FriendsDetailViewController.swift in Sources */ = {isa = PBXBuildFile; fileRef = 41A26AE420D7EEBA008A6598 /* FriendsDetailViewController.swift */; };
		41A40FE020CFD39100709312 /* ProfileViewController.swift in Sources */ = {isa = PBXBuildFile; fileRef = 41A40FDF20CFD39100709312 /* ProfileViewController.swift */; };
		41B1240620C69C230008E343 /* AppDelegate.swift in Sources */ = {isa = PBXBuildFile; fileRef = 41B1240520C69C230008E343 /* AppDelegate.swift */; };
		41B1240B20C69C230008E343 /* Main.storyboard in Resources */ = {isa = PBXBuildFile; fileRef = 41B1240920C69C230008E343 /* Main.storyboard */; };
		41B1240D20C69C2A0008E343 /* Assets.xcassets in Resources */ = {isa = PBXBuildFile; fileRef = 41B1240C20C69C2A0008E343 /* Assets.xcassets */; };
		41B1241020C69C2A0008E343 /* LaunchScreen.storyboard in Resources */ = {isa = PBXBuildFile; fileRef = 41B1240E20C69C2A0008E343 /* LaunchScreen.storyboard */; };
		41B1241B20C69C2B0008E343 /* ConnectTests.swift in Sources */ = {isa = PBXBuildFile; fileRef = 41B1241A20C69C2B0008E343 /* ConnectTests.swift */; };
		41B1242620C69C2B0008E343 /* ConnectUITests.swift in Sources */ = {isa = PBXBuildFile; fileRef = 41B1242520C69C2B0008E343 /* ConnectUITests.swift */; };
		41B1243420C6A4F00008E343 /* Structs.swift in Sources */ = {isa = PBXBuildFile; fileRef = 41B1243320C6A4F00008E343 /* Structs.swift */; };
		41B6F9F620CEC0890091AD35 /* GoogleService-Info.plist in Resources */ = {isa = PBXBuildFile; fileRef = 41B6F9F520CEC0890091AD35 /* GoogleService-Info.plist */; };
		41FDAA8820D1279F00F79159 /* ActivitiesTableViewController.swift in Sources */ = {isa = PBXBuildFile; fileRef = 41FDAA8720D1279F00F79159 /* ActivitiesTableViewController.swift */; };
		AECC3572EAB1E5FB0AC16F79 /* Pods_Connect.framework in Frameworks */ = {isa = PBXBuildFile; fileRef = C04D74A13405D150BE94B956 /* Pods_Connect.framework */; };
		D86E49BEF35E5973C426F855 /* Pods_ConnectUITests.framework in Frameworks */ = {isa = PBXBuildFile; fileRef = 8E7F82DFBD1897585F385CE8 /* Pods_ConnectUITests.framework */; };
/* End PBXBuildFile section */

/* Begin PBXContainerItemProxy section */
		41B1241720C69C2B0008E343 /* PBXContainerItemProxy */ = {
			isa = PBXContainerItemProxy;
			containerPortal = 41B123FA20C69C220008E343 /* Project object */;
			proxyType = 1;
			remoteGlobalIDString = 41B1240120C69C230008E343;
			remoteInfo = Connect;
		};
		41B1242220C69C2B0008E343 /* PBXContainerItemProxy */ = {
			isa = PBXContainerItemProxy;
			containerPortal = 41B123FA20C69C220008E343 /* Project object */;
			proxyType = 1;
			remoteGlobalIDString = 41B1240120C69C230008E343;
			remoteInfo = Connect;
		};
/* End PBXContainerItemProxy section */

/* Begin PBXFileReference section */
		1179DE6348546128DFD45FE1 /* Pods-ConnectTests.debug.xcconfig */ = {isa = PBXFileReference; includeInIndex = 1; lastKnownFileType = text.xcconfig; name = "Pods-ConnectTests.debug.xcconfig"; path = "Pods/Target Support Files/Pods-ConnectTests/Pods-ConnectTests.debug.xcconfig"; sourceTree = "<group>"; };
		2ADB193C8AEB3409CBB77125 /* Pods-ConnectTests.release.xcconfig */ = {isa = PBXFileReference; includeInIndex = 1; lastKnownFileType = text.xcconfig; name = "Pods-ConnectTests.release.xcconfig"; path = "Pods/Target Support Files/Pods-ConnectTests/Pods-ConnectTests.release.xcconfig"; sourceTree = "<group>"; };
		340D0017E9B2F1507ADA7076 /* Pods-ConnectUITests.debug.xcconfig */ = {isa = PBXFileReference; includeInIndex = 1; lastKnownFileType = text.xcconfig; name = "Pods-ConnectUITests.debug.xcconfig"; path = "Pods/Target Support Files/Pods-ConnectUITests/Pods-ConnectUITests.debug.xcconfig"; sourceTree = "<group>"; };
		4104981420D29CF6002D3B93 /* Extension.swift */ = {isa = PBXFileReference; lastKnownFileType = sourcecode.swift; path = Extension.swift; sourceTree = "<group>"; };
		4139C47120D14EF20005F73E /* ActivityDetailViewController.swift */ = {isa = PBXFileReference; lastKnownFileType = sourcecode.swift; path = ActivityDetailViewController.swift; sourceTree = "<group>"; };
		4149E46D20CEA84800736212 /* SignUpViewController.swift */ = {isa = PBXFileReference; lastKnownFileType = sourcecode.swift; path = SignUpViewController.swift; sourceTree = "<group>"; };
		4149E46F20CEAA2800736212 /* LoginViewController.swift */ = {isa = PBXFileReference; lastKnownFileType = sourcecode.swift; path = LoginViewController.swift; sourceTree = "<group>"; };
		4155555B20C940D700A1C2CF /* ConnectViewController.swift */ = {isa = PBXFileReference; lastKnownFileType = sourcecode.swift; path = ConnectViewController.swift; sourceTree = "<group>"; };
		416339FF20CFE0AE00A17EAF /* CreateActivityViewController.swift */ = {isa = PBXFileReference; lastKnownFileType = sourcecode.swift; path = CreateActivityViewController.swift; sourceTree = "<group>"; };
		41A26AE020D7BC32008A6598 /* ProfileEditViewController.swift */ = {isa = PBXFileReference; lastKnownFileType = sourcecode.swift; path = ProfileEditViewController.swift; sourceTree = "<group>"; };
		41A26AE220D7EE96008A6598 /* FriendsViewController.swift */ = {isa = PBXFileReference; lastKnownFileType = sourcecode.swift; path = FriendsViewController.swift; sourceTree = "<group>"; };
		41A26AE420D7EEBA008A6598 /* FriendsDetailViewController.swift */ = {isa = PBXFileReference; lastKnownFileType = sourcecode.swift; path = FriendsDetailViewController.swift; sourceTree = "<group>"; };
		41A40FDF20CFD39100709312 /* ProfileViewController.swift */ = {isa = PBXFileReference; lastKnownFileType = sourcecode.swift; path = ProfileViewController.swift; sourceTree = "<group>"; };
		41B1240220C69C230008E343 /* Connect.app */ = {isa = PBXFileReference; explicitFileType = wrapper.application; includeInIndex = 0; path = Connect.app; sourceTree = BUILT_PRODUCTS_DIR; };
		41B1240520C69C230008E343 /* AppDelegate.swift */ = {isa = PBXFileReference; lastKnownFileType = sourcecode.swift; path = AppDelegate.swift; sourceTree = "<group>"; };
		41B1240A20C69C230008E343 /* Base */ = {isa = PBXFileReference; lastKnownFileType = file.storyboard; name = Base; path = Base.lproj/Main.storyboard; sourceTree = "<group>"; };
		41B1240C20C69C2A0008E343 /* Assets.xcassets */ = {isa = PBXFileReference; lastKnownFileType = folder.assetcatalog; path = Assets.xcassets; sourceTree = "<group>"; };
		41B1240F20C69C2A0008E343 /* Base */ = {isa = PBXFileReference; lastKnownFileType = file.storyboard; name = Base; path = Base.lproj/LaunchScreen.storyboard; sourceTree = "<group>"; };
		41B1241120C69C2A0008E343 /* Info.plist */ = {isa = PBXFileReference; lastKnownFileType = text.plist.xml; path = Info.plist; sourceTree = "<group>"; };
		41B1241620C69C2B0008E343 /* ConnectTests.xctest */ = {isa = PBXFileReference; explicitFileType = wrapper.cfbundle; includeInIndex = 0; path = ConnectTests.xctest; sourceTree = BUILT_PRODUCTS_DIR; };
		41B1241A20C69C2B0008E343 /* ConnectTests.swift */ = {isa = PBXFileReference; lastKnownFileType = sourcecode.swift; path = ConnectTests.swift; sourceTree = "<group>"; };
		41B1241C20C69C2B0008E343 /* Info.plist */ = {isa = PBXFileReference; lastKnownFileType = text.plist.xml; path = Info.plist; sourceTree = "<group>"; };
		41B1242120C69C2B0008E343 /* ConnectUITests.xctest */ = {isa = PBXFileReference; explicitFileType = wrapper.cfbundle; includeInIndex = 0; path = ConnectUITests.xctest; sourceTree = BUILT_PRODUCTS_DIR; };
		41B1242520C69C2B0008E343 /* ConnectUITests.swift */ = {isa = PBXFileReference; lastKnownFileType = sourcecode.swift; path = ConnectUITests.swift; sourceTree = "<group>"; };
		41B1242720C69C2B0008E343 /* Info.plist */ = {isa = PBXFileReference; lastKnownFileType = text.plist.xml; path = Info.plist; sourceTree = "<group>"; };
		41B1243320C6A4F00008E343 /* Structs.swift */ = {isa = PBXFileReference; lastKnownFileType = sourcecode.swift; path = Structs.swift; sourceTree = "<group>"; };
		41B6F9F520CEC0890091AD35 /* GoogleService-Info.plist */ = {isa = PBXFileReference; fileEncoding = 4; lastKnownFileType = text.plist.xml; name = "GoogleService-Info.plist"; path = "../../../../../../Desktop/GoogleService-Info.plist"; sourceTree = "<group>"; };
		41FDAA8720D1279F00F79159 /* ActivitiesTableViewController.swift */ = {isa = PBXFileReference; lastKnownFileType = sourcecode.swift; path = ActivitiesTableViewController.swift; sourceTree = "<group>"; };
		862C5132121E2486986530C3 /* Pods-ConnectUITests.release.xcconfig */ = {isa = PBXFileReference; includeInIndex = 1; lastKnownFileType = text.xcconfig; name = "Pods-ConnectUITests.release.xcconfig"; path = "Pods/Target Support Files/Pods-ConnectUITests/Pods-ConnectUITests.release.xcconfig"; sourceTree = "<group>"; };
		8E7F82DFBD1897585F385CE8 /* Pods_ConnectUITests.framework */ = {isa = PBXFileReference; explicitFileType = wrapper.framework; includeInIndex = 0; path = Pods_ConnectUITests.framework; sourceTree = BUILT_PRODUCTS_DIR; };
		96DA11580EAB2FD13E4D422B /* Pods-Connect.debug.xcconfig */ = {isa = PBXFileReference; includeInIndex = 1; lastKnownFileType = text.xcconfig; name = "Pods-Connect.debug.xcconfig"; path = "Pods/Target Support Files/Pods-Connect/Pods-Connect.debug.xcconfig"; sourceTree = "<group>"; };
		C04D74A13405D150BE94B956 /* Pods_Connect.framework */ = {isa = PBXFileReference; explicitFileType = wrapper.framework; includeInIndex = 0; path = Pods_Connect.framework; sourceTree = BUILT_PRODUCTS_DIR; };
		C87A80F8232F8C3D6147E7B1 /* Pods_ConnectTests.framework */ = {isa = PBXFileReference; explicitFileType = wrapper.framework; includeInIndex = 0; path = Pods_ConnectTests.framework; sourceTree = BUILT_PRODUCTS_DIR; };
		EF1DDA1F5CA881877E8D967D /* Pods-Connect.release.xcconfig */ = {isa = PBXFileReference; includeInIndex = 1; lastKnownFileType = text.xcconfig; name = "Pods-Connect.release.xcconfig"; path = "Pods/Target Support Files/Pods-Connect/Pods-Connect.release.xcconfig"; sourceTree = "<group>"; };
/* End PBXFileReference section */

/* Begin PBXFrameworksBuildPhase section */
		41B123FF20C69C230008E343 /* Frameworks */ = {
			isa = PBXFrameworksBuildPhase;
			buildActionMask = 2147483647;
			files = (
				AECC3572EAB1E5FB0AC16F79 /* Pods_Connect.framework in Frameworks */,
			);
			runOnlyForDeploymentPostprocessing = 0;
		};
		41B1241320C69C2B0008E343 /* Frameworks */ = {
			isa = PBXFrameworksBuildPhase;
			buildActionMask = 2147483647;
			files = (
				33C5F1B7A61460853839B385 /* Pods_ConnectTests.framework in Frameworks */,
			);
			runOnlyForDeploymentPostprocessing = 0;
		};
		41B1241E20C69C2B0008E343 /* Frameworks */ = {
			isa = PBXFrameworksBuildPhase;
			buildActionMask = 2147483647;
			files = (
				D86E49BEF35E5973C426F855 /* Pods_ConnectUITests.framework in Frameworks */,
			);
			runOnlyForDeploymentPostprocessing = 0;
		};
/* End PBXFrameworksBuildPhase section */

/* Begin PBXGroup section */
		0D489791901471FDE2228641 /* Pods */ = {
			isa = PBXGroup;
			children = (
				96DA11580EAB2FD13E4D422B /* Pods-Connect.debug.xcconfig */,
				EF1DDA1F5CA881877E8D967D /* Pods-Connect.release.xcconfig */,
				1179DE6348546128DFD45FE1 /* Pods-ConnectTests.debug.xcconfig */,
				2ADB193C8AEB3409CBB77125 /* Pods-ConnectTests.release.xcconfig */,
				340D0017E9B2F1507ADA7076 /* Pods-ConnectUITests.debug.xcconfig */,
				862C5132121E2486986530C3 /* Pods-ConnectUITests.release.xcconfig */,
			);
			name = Pods;
			sourceTree = "<group>";
		};
		41B123F920C69C220008E343 = {
			isa = PBXGroup;
			children = (
				41B1240420C69C230008E343 /* Connect */,
				41B1241920C69C2B0008E343 /* ConnectTests */,
				41B1242420C69C2B0008E343 /* ConnectUITests */,
				41B1240320C69C230008E343 /* Products */,
				0D489791901471FDE2228641 /* Pods */,
				BE4ADDD760B3427283D748F5 /* Frameworks */,
			);
			sourceTree = "<group>";
		};
		41B1240320C69C230008E343 /* Products */ = {
			isa = PBXGroup;
			children = (
				41B1240220C69C230008E343 /* Connect.app */,
				41B1241620C69C2B0008E343 /* ConnectTests.xctest */,
				41B1242120C69C2B0008E343 /* ConnectUITests.xctest */,
			);
			name = Products;
			sourceTree = "<group>";
		};
		41B1240420C69C230008E343 /* Connect */ = {
			isa = PBXGroup;
			children = (
				41B1240520C69C230008E343 /* AppDelegate.swift */,
				41B1240920C69C230008E343 /* Main.storyboard */,
				41B1240C20C69C2A0008E343 /* Assets.xcassets */,
				41B1240E20C69C2A0008E343 /* LaunchScreen.storyboard */,
				41B6F9F520CEC0890091AD35 /* GoogleService-Info.plist */,
				41B1241120C69C2A0008E343 /* Info.plist */,
				41B1243320C6A4F00008E343 /* Structs.swift */,
				4104981420D29CF6002D3B93 /* Extension.swift */,
				4149E46D20CEA84800736212 /* SignUpViewController.swift */,
				4149E46F20CEAA2800736212 /* LoginViewController.swift */,
				4155555B20C940D700A1C2CF /* ConnectViewController.swift */,
				41FDAA8720D1279F00F79159 /* ActivitiesTableViewController.swift */,
				416339FF20CFE0AE00A17EAF /* CreateActivityViewController.swift */,
				4139C47120D14EF20005F73E /* ActivityDetailViewController.swift */,
				41A40FDF20CFD39100709312 /* ProfileViewController.swift */,
				41A26AE020D7BC32008A6598 /* ProfileEditViewController.swift */,
				41A26AE220D7EE96008A6598 /* FriendsViewController.swift */,
				41A26AE420D7EEBA008A6598 /* FriendsDetailViewController.swift */,
			);
			path = Connect;
			sourceTree = "<group>";
		};
		41B1241920C69C2B0008E343 /* ConnectTests */ = {
			isa = PBXGroup;
			children = (
				41B1241A20C69C2B0008E343 /* ConnectTests.swift */,
				41B1241C20C69C2B0008E343 /* Info.plist */,
			);
			path = ConnectTests;
			sourceTree = "<group>";
		};
		41B1242420C69C2B0008E343 /* ConnectUITests */ = {
			isa = PBXGroup;
			children = (
				41B1242520C69C2B0008E343 /* ConnectUITests.swift */,
				41B1242720C69C2B0008E343 /* Info.plist */,
			);
			path = ConnectUITests;
			sourceTree = "<group>";
		};
		BE4ADDD760B3427283D748F5 /* Frameworks */ = {
			isa = PBXGroup;
			children = (
				C04D74A13405D150BE94B956 /* Pods_Connect.framework */,
				C87A80F8232F8C3D6147E7B1 /* Pods_ConnectTests.framework */,
				8E7F82DFBD1897585F385CE8 /* Pods_ConnectUITests.framework */,
			);
			name = Frameworks;
			sourceTree = "<group>";
		};
/* End PBXGroup section */

/* Begin PBXNativeTarget section */
		41B1240120C69C230008E343 /* Connect */ = {
			isa = PBXNativeTarget;
			buildConfigurationList = 41B1242A20C69C2B0008E343 /* Build configuration list for PBXNativeTarget "Connect" */;
			buildPhases = (
				B84865860BF43D32E629F3A0 /* [CP] Check Pods Manifest.lock */,
				41B123FE20C69C230008E343 /* Sources */,
				41B123FF20C69C230008E343 /* Frameworks */,
				41B1240020C69C230008E343 /* Resources */,
				83046C06CD24E7430F851D38 /* [CP] Embed Pods Frameworks */,
			);
			buildRules = (
			);
			dependencies = (
			);
			name = Connect;
			productName = Connect;
			productReference = 41B1240220C69C230008E343 /* Connect.app */;
			productType = "com.apple.product-type.application";
		};
		41B1241520C69C2B0008E343 /* ConnectTests */ = {
			isa = PBXNativeTarget;
			buildConfigurationList = 41B1242D20C69C2B0008E343 /* Build configuration list for PBXNativeTarget "ConnectTests" */;
			buildPhases = (
				30B18BE913E3CC80305203AB /* [CP] Check Pods Manifest.lock */,
				41B1241220C69C2B0008E343 /* Sources */,
				41B1241320C69C2B0008E343 /* Frameworks */,
				41B1241420C69C2B0008E343 /* Resources */,
			);
			buildRules = (
			);
			dependencies = (
				41B1241820C69C2B0008E343 /* PBXTargetDependency */,
			);
			name = ConnectTests;
			productName = ConnectTests;
			productReference = 41B1241620C69C2B0008E343 /* ConnectTests.xctest */;
			productType = "com.apple.product-type.bundle.unit-test";
		};
		41B1242020C69C2B0008E343 /* ConnectUITests */ = {
			isa = PBXNativeTarget;
			buildConfigurationList = 41B1243020C69C2B0008E343 /* Build configuration list for PBXNativeTarget "ConnectUITests" */;
			buildPhases = (
				E66A7FD610B9B6FBAC5A7945 /* [CP] Check Pods Manifest.lock */,
				41B1241D20C69C2B0008E343 /* Sources */,
				41B1241E20C69C2B0008E343 /* Frameworks */,
				41B1241F20C69C2B0008E343 /* Resources */,
			);
			buildRules = (
			);
			dependencies = (
				41B1242320C69C2B0008E343 /* PBXTargetDependency */,
			);
			name = ConnectUITests;
			productName = ConnectUITests;
			productReference = 41B1242120C69C2B0008E343 /* ConnectUITests.xctest */;
			productType = "com.apple.product-type.bundle.ui-testing";
		};
/* End PBXNativeTarget section */

/* Begin PBXProject section */
		41B123FA20C69C220008E343 /* Project object */ = {
			isa = PBXProject;
			attributes = {
				LastSwiftUpdateCheck = 0940;
				LastUpgradeCheck = 0940;
				ORGANIZATIONNAME = "Michael Hu";
				TargetAttributes = {
					41B1240120C69C230008E343 = {
						CreatedOnToolsVersion = 9.4;
					};
					41B1241520C69C2B0008E343 = {
						CreatedOnToolsVersion = 9.4;
						TestTargetID = 41B1240120C69C230008E343;
					};
					41B1242020C69C2B0008E343 = {
						CreatedOnToolsVersion = 9.4;
						TestTargetID = 41B1240120C69C230008E343;
					};
				};
			};
			buildConfigurationList = 41B123FD20C69C220008E343 /* Build configuration list for PBXProject "Connect" */;
			compatibilityVersion = "Xcode 9.3";
			developmentRegion = en;
			hasScannedForEncodings = 0;
			knownRegions = (
				en,
				Base,
			);
			mainGroup = 41B123F920C69C220008E343;
			productRefGroup = 41B1240320C69C230008E343 /* Products */;
			projectDirPath = "";
			projectRoot = "";
			targets = (
				41B1240120C69C230008E343 /* Connect */,
				41B1241520C69C2B0008E343 /* ConnectTests */,
				41B1242020C69C2B0008E343 /* ConnectUITests */,
			);
		};
/* End PBXProject section */

/* Begin PBXResourcesBuildPhase section */
		41B1240020C69C230008E343 /* Resources */ = {
			isa = PBXResourcesBuildPhase;
			buildActionMask = 2147483647;
			files = (
				41B1241020C69C2A0008E343 /* LaunchScreen.storyboard in Resources */,
				41B6F9F620CEC0890091AD35 /* GoogleService-Info.plist in Resources */,
				41B1240D20C69C2A0008E343 /* Assets.xcassets in Resources */,
				41B1240B20C69C230008E343 /* Main.storyboard in Resources */,
			);
			runOnlyForDeploymentPostprocessing = 0;
		};
		41B1241420C69C2B0008E343 /* Resources */ = {
			isa = PBXResourcesBuildPhase;
			buildActionMask = 2147483647;
			files = (
			);
			runOnlyForDeploymentPostprocessing = 0;
		};
		41B1241F20C69C2B0008E343 /* Resources */ = {
			isa = PBXResourcesBuildPhase;
			buildActionMask = 2147483647;
			files = (
			);
			runOnlyForDeploymentPostprocessing = 0;
		};
/* End PBXResourcesBuildPhase section */

/* Begin PBXShellScriptBuildPhase section */
		30B18BE913E3CC80305203AB /* [CP] Check Pods Manifest.lock */ = {
			isa = PBXShellScriptBuildPhase;
			buildActionMask = 2147483647;
			files = (
			);
			inputPaths = (
				"${PODS_PODFILE_DIR_PATH}/Podfile.lock",
				"${PODS_ROOT}/Manifest.lock",
			);
			name = "[CP] Check Pods Manifest.lock";
			outputPaths = (
				"$(DERIVED_FILE_DIR)/Pods-ConnectTests-checkManifestLockResult.txt",
			);
			runOnlyForDeploymentPostprocessing = 0;
			shellPath = /bin/sh;
			shellScript = "diff \"${PODS_PODFILE_DIR_PATH}/Podfile.lock\" \"${PODS_ROOT}/Manifest.lock\" > /dev/null\nif [ $? != 0 ] ; then\n    # print error to STDERR\n    echo \"error: The sandbox is not in sync with the Podfile.lock. Run 'pod install' or update your CocoaPods installation.\" >&2\n    exit 1\nfi\n# This output is used by Xcode 'outputs' to avoid re-running this script phase.\necho \"SUCCESS\" > \"${SCRIPT_OUTPUT_FILE_0}\"\n";
			showEnvVarsInLog = 0;
		};
		83046C06CD24E7430F851D38 /* [CP] Embed Pods Frameworks */ = {
			isa = PBXShellScriptBuildPhase;
			buildActionMask = 2147483647;
			files = (
			);
			inputPaths = (
				"${SRCROOT}/Pods/Target Support Files/Pods-Connect/Pods-Connect-frameworks.sh",
				"${BUILT_PRODUCTS_DIR}/GTMSessionFetcher/GTMSessionFetcher.framework",
				"${BUILT_PRODUCTS_DIR}/GoogleToolboxForMac/GoogleToolboxForMac.framework",
				"${BUILT_PRODUCTS_DIR}/leveldb-library/leveldb.framework",
				"${BUILT_PRODUCTS_DIR}/nanopb/nanopb.framework",
			);
			name = "[CP] Embed Pods Frameworks";
			outputPaths = (
				"${TARGET_BUILD_DIR}/${FRAMEWORKS_FOLDER_PATH}/GTMSessionFetcher.framework",
				"${TARGET_BUILD_DIR}/${FRAMEWORKS_FOLDER_PATH}/GoogleToolboxForMac.framework",
				"${TARGET_BUILD_DIR}/${FRAMEWORKS_FOLDER_PATH}/leveldb.framework",
				"${TARGET_BUILD_DIR}/${FRAMEWORKS_FOLDER_PATH}/nanopb.framework",
			);
			runOnlyForDeploymentPostprocessing = 0;
			shellPath = /bin/sh;
			shellScript = "\"${SRCROOT}/Pods/Target Support Files/Pods-Connect/Pods-Connect-frameworks.sh\"\n";
			showEnvVarsInLog = 0;
		};
		B84865860BF43D32E629F3A0 /* [CP] Check Pods Manifest.lock */ = {
			isa = PBXShellScriptBuildPhase;
			buildActionMask = 2147483647;
			files = (
			);
			inputPaths = (
				"${PODS_PODFILE_DIR_PATH}/Podfile.lock",
				"${PODS_ROOT}/Manifest.lock",
			);
			name = "[CP] Check Pods Manifest.lock";
			outputPaths = (
				"$(DERIVED_FILE_DIR)/Pods-Connect-checkManifestLockResult.txt",
			);
			runOnlyForDeploymentPostprocessing = 0;
			shellPath = /bin/sh;
			shellScript = "diff \"${PODS_PODFILE_DIR_PATH}/Podfile.lock\" \"${PODS_ROOT}/Manifest.lock\" > /dev/null\nif [ $? != 0 ] ; then\n    # print error to STDERR\n    echo \"error: The sandbox is not in sync with the Podfile.lock. Run 'pod install' or update your CocoaPods installation.\" >&2\n    exit 1\nfi\n# This output is used by Xcode 'outputs' to avoid re-running this script phase.\necho \"SUCCESS\" > \"${SCRIPT_OUTPUT_FILE_0}\"\n";
			showEnvVarsInLog = 0;
		};
		E66A7FD610B9B6FBAC5A7945 /* [CP] Check Pods Manifest.lock */ = {
			isa = PBXShellScriptBuildPhase;
			buildActionMask = 2147483647;
			files = (
			);
			inputPaths = (
				"${PODS_PODFILE_DIR_PATH}/Podfile.lock",
				"${PODS_ROOT}/Manifest.lock",
			);
			name = "[CP] Check Pods Manifest.lock";
			outputPaths = (
				"$(DERIVED_FILE_DIR)/Pods-ConnectUITests-checkManifestLockResult.txt",
			);
			runOnlyForDeploymentPostprocessing = 0;
			shellPath = /bin/sh;
			shellScript = "diff \"${PODS_PODFILE_DIR_PATH}/Podfile.lock\" \"${PODS_ROOT}/Manifest.lock\" > /dev/null\nif [ $? != 0 ] ; then\n    # print error to STDERR\n    echo \"error: The sandbox is not in sync with the Podfile.lock. Run 'pod install' or update your CocoaPods installation.\" >&2\n    exit 1\nfi\n# This output is used by Xcode 'outputs' to avoid re-running this script phase.\necho \"SUCCESS\" > \"${SCRIPT_OUTPUT_FILE_0}\"\n";
			showEnvVarsInLog = 0;
		};
/* End PBXShellScriptBuildPhase section */

/* Begin PBXSourcesBuildPhase section */
		41B123FE20C69C230008E343 /* Sources */ = {
			isa = PBXSourcesBuildPhase;
			buildActionMask = 2147483647;
			files = (
				41633A0020CFE0AE00A17EAF /* CreateActivityViewController.swift in Sources */,
				41A40FE020CFD39100709312 /* ProfileViewController.swift in Sources */,
				41FDAA8820D1279F00F79159 /* ActivitiesTableViewController.swift in Sources */,
				4139C47220D14EF20005F73E /* ActivityDetailViewController.swift in Sources */,
				41A26AE320D7EE97008A6598 /* FriendsViewController.swift in Sources */,
				41B1243420C6A4F00008E343 /* Structs.swift in Sources */,
				4104981520D29CF6002D3B93 /* Extension.swift in Sources */,
				41B1240620C69C230008E343 /* AppDelegate.swift in Sources */,
				41A26AE520D7EEBA008A6598 /* FriendsDetailViewController.swift in Sources */,
				4149E46E20CEA84800736212 /* SignUpViewController.swift in Sources */,
				4149E47020CEAA2800736212 /* LoginViewController.swift in Sources */,
				4155555C20C940D700A1C2CF /* ConnectViewController.swift in Sources */,
				41A26AE120D7BC32008A6598 /* ProfileEditViewController.swift in Sources */,
			);
			runOnlyForDeploymentPostprocessing = 0;
		};
		41B1241220C69C2B0008E343 /* Sources */ = {
			isa = PBXSourcesBuildPhase;
			buildActionMask = 2147483647;
			files = (
				41B1241B20C69C2B0008E343 /* ConnectTests.swift in Sources */,
			);
			runOnlyForDeploymentPostprocessing = 0;
		};
		41B1241D20C69C2B0008E343 /* Sources */ = {
			isa = PBXSourcesBuildPhase;
			buildActionMask = 2147483647;
			files = (
				41B1242620C69C2B0008E343 /* ConnectUITests.swift in Sources */,
			);
			runOnlyForDeploymentPostprocessing = 0;
		};
/* End PBXSourcesBuildPhase section */

/* Begin PBXTargetDependency section */
		41B1241820C69C2B0008E343 /* PBXTargetDependency */ = {
			isa = PBXTargetDependency;
			target = 41B1240120C69C230008E343 /* Connect */;
			targetProxy = 41B1241720C69C2B0008E343 /* PBXContainerItemProxy */;
		};
		41B1242320C69C2B0008E343 /* PBXTargetDependency */ = {
			isa = PBXTargetDependency;
			target = 41B1240120C69C230008E343 /* Connect */;
			targetProxy = 41B1242220C69C2B0008E343 /* PBXContainerItemProxy */;
		};
/* End PBXTargetDependency section */

/* Begin PBXVariantGroup section */
		41B1240920C69C230008E343 /* Main.storyboard */ = {
			isa = PBXVariantGroup;
			children = (
				41B1240A20C69C230008E343 /* Base */,
			);
			name = Main.storyboard;
			sourceTree = "<group>";
		};
		41B1240E20C69C2A0008E343 /* LaunchScreen.storyboard */ = {
			isa = PBXVariantGroup;
			children = (
				41B1240F20C69C2A0008E343 /* Base */,
			);
			name = LaunchScreen.storyboard;
			sourceTree = "<group>";
		};
/* End PBXVariantGroup section */

/* Begin XCBuildConfiguration section */
		41B1242820C69C2B0008E343 /* Debug */ = {
			isa = XCBuildConfiguration;
			buildSettings = {
				ALWAYS_SEARCH_USER_PATHS = NO;
				CLANG_ANALYZER_NONNULL = YES;
				CLANG_ANALYZER_NUMBER_OBJECT_CONVERSION = YES_AGGRESSIVE;
				CLANG_CXX_LANGUAGE_STANDARD = "gnu++14";
				CLANG_CXX_LIBRARY = "libc++";
				CLANG_ENABLE_MODULES = YES;
				CLANG_ENABLE_OBJC_ARC = YES;
				CLANG_ENABLE_OBJC_WEAK = YES;
				CLANG_WARN_BLOCK_CAPTURE_AUTORELEASING = YES;
				CLANG_WARN_BOOL_CONVERSION = YES;
				CLANG_WARN_COMMA = YES;
				CLANG_WARN_CONSTANT_CONVERSION = YES;
				CLANG_WARN_DEPRECATED_OBJC_IMPLEMENTATIONS = YES;
				CLANG_WARN_DIRECT_OBJC_ISA_USAGE = YES_ERROR;
				CLANG_WARN_DOCUMENTATION_COMMENTS = YES;
				CLANG_WARN_EMPTY_BODY = YES;
				CLANG_WARN_ENUM_CONVERSION = YES;
				CLANG_WARN_INFINITE_RECURSION = YES;
				CLANG_WARN_INT_CONVERSION = YES;
				CLANG_WARN_NON_LITERAL_NULL_CONVERSION = YES;
				CLANG_WARN_OBJC_IMPLICIT_RETAIN_SELF = YES;
				CLANG_WARN_OBJC_LITERAL_CONVERSION = YES;
				CLANG_WARN_OBJC_ROOT_CLASS = YES_ERROR;
				CLANG_WARN_RANGE_LOOP_ANALYSIS = YES;
				CLANG_WARN_STRICT_PROTOTYPES = YES;
				CLANG_WARN_SUSPICIOUS_MOVE = YES;
				CLANG_WARN_UNGUARDED_AVAILABILITY = YES_AGGRESSIVE;
				CLANG_WARN_UNREACHABLE_CODE = YES;
				CLANG_WARN__DUPLICATE_METHOD_MATCH = YES;
				CODE_SIGN_IDENTITY = "iPhone Developer";
				COPY_PHASE_STRIP = NO;
				DEBUG_INFORMATION_FORMAT = dwarf;
				ENABLE_STRICT_OBJC_MSGSEND = YES;
				ENABLE_TESTABILITY = YES;
				GCC_C_LANGUAGE_STANDARD = gnu11;
				GCC_DYNAMIC_NO_PIC = NO;
				GCC_NO_COMMON_BLOCKS = YES;
				GCC_OPTIMIZATION_LEVEL = 0;
				GCC_PREPROCESSOR_DEFINITIONS = (
					"DEBUG=1",
					"$(inherited)",
				);
				GCC_WARN_64_TO_32_BIT_CONVERSION = YES;
				GCC_WARN_ABOUT_RETURN_TYPE = YES_ERROR;
				GCC_WARN_UNDECLARED_SELECTOR = YES;
				GCC_WARN_UNINITIALIZED_AUTOS = YES_AGGRESSIVE;
				GCC_WARN_UNUSED_FUNCTION = YES;
				GCC_WARN_UNUSED_VARIABLE = YES;
				IPHONEOS_DEPLOYMENT_TARGET = 11.4;
				MTL_ENABLE_DEBUG_INFO = YES;
				ONLY_ACTIVE_ARCH = YES;
				SDKROOT = iphoneos;
				SWIFT_ACTIVE_COMPILATION_CONDITIONS = DEBUG;
				SWIFT_OPTIMIZATION_LEVEL = "-Onone";
			};
			name = Debug;
		};
		41B1242920C69C2B0008E343 /* Release */ = {
			isa = XCBuildConfiguration;
			buildSettings = {
				ALWAYS_SEARCH_USER_PATHS = NO;
				CLANG_ANALYZER_NONNULL = YES;
				CLANG_ANALYZER_NUMBER_OBJECT_CONVERSION = YES_AGGRESSIVE;
				CLANG_CXX_LANGUAGE_STANDARD = "gnu++14";
				CLANG_CXX_LIBRARY = "libc++";
				CLANG_ENABLE_MODULES = YES;
				CLANG_ENABLE_OBJC_ARC = YES;
				CLANG_ENABLE_OBJC_WEAK = YES;
				CLANG_WARN_BLOCK_CAPTURE_AUTORELEASING = YES;
				CLANG_WARN_BOOL_CONVERSION = YES;
				CLANG_WARN_COMMA = YES;
				CLANG_WARN_CONSTANT_CONVERSION = YES;
				CLANG_WARN_DEPRECATED_OBJC_IMPLEMENTATIONS = YES;
				CLANG_WARN_DIRECT_OBJC_ISA_USAGE = YES_ERROR;
				CLANG_WARN_DOCUMENTATION_COMMENTS = YES;
				CLANG_WARN_EMPTY_BODY = YES;
				CLANG_WARN_ENUM_CONVERSION = YES;
				CLANG_WARN_INFINITE_RECURSION = YES;
				CLANG_WARN_INT_CONVERSION = YES;
				CLANG_WARN_NON_LITERAL_NULL_CONVERSION = YES;
				CLANG_WARN_OBJC_IMPLICIT_RETAIN_SELF = YES;
				CLANG_WARN_OBJC_LITERAL_CONVERSION = YES;
				CLANG_WARN_OBJC_ROOT_CLASS = YES_ERROR;
				CLANG_WARN_RANGE_LOOP_ANALYSIS = YES;
				CLANG_WARN_STRICT_PROTOTYPES = YES;
				CLANG_WARN_SUSPICIOUS_MOVE = YES;
				CLANG_WARN_UNGUARDED_AVAILABILITY = YES_AGGRESSIVE;
				CLANG_WARN_UNREACHABLE_CODE = YES;
				CLANG_WARN__DUPLICATE_METHOD_MATCH = YES;
				CODE_SIGN_IDENTITY = "iPhone Developer";
				COPY_PHASE_STRIP = NO;
				DEBUG_INFORMATION_FORMAT = "dwarf-with-dsym";
				ENABLE_NS_ASSERTIONS = NO;
				ENABLE_STRICT_OBJC_MSGSEND = YES;
				GCC_C_LANGUAGE_STANDARD = gnu11;
				GCC_NO_COMMON_BLOCKS = YES;
				GCC_WARN_64_TO_32_BIT_CONVERSION = YES;
				GCC_WARN_ABOUT_RETURN_TYPE = YES_ERROR;
				GCC_WARN_UNDECLARED_SELECTOR = YES;
				GCC_WARN_UNINITIALIZED_AUTOS = YES_AGGRESSIVE;
				GCC_WARN_UNUSED_FUNCTION = YES;
				GCC_WARN_UNUSED_VARIABLE = YES;
				IPHONEOS_DEPLOYMENT_TARGET = 11.4;
				MTL_ENABLE_DEBUG_INFO = NO;
				SDKROOT = iphoneos;
				SWIFT_COMPILATION_MODE = wholemodule;
				SWIFT_OPTIMIZATION_LEVEL = "-O";
				VALIDATE_PRODUCT = YES;
			};
			name = Release;
		};
		41B1242B20C69C2B0008E343 /* Debug */ = {
			isa = XCBuildConfiguration;
			baseConfigurationReference = 96DA11580EAB2FD13E4D422B /* Pods-Connect.debug.xcconfig */;
			buildSettings = {
				ASSETCATALOG_COMPILER_APPICON_NAME = AppIcon;
				CODE_SIGN_STYLE = Automatic;
				DEVELOPMENT_TEAM = N85Z38G8MP;
				INFOPLIST_FILE = Connect/Info.plist;
				LD_RUNPATH_SEARCH_PATHS = (
					"$(inherited)",
					"@executable_path/Frameworks",
				);
				PRODUCT_BUNDLE_IDENTIFIER = nl.mprog.apps.Connect;
				PRODUCT_NAME = "$(TARGET_NAME)";
				SWIFT_VERSION = 4.0;
				TARGETED_DEVICE_FAMILY = "1,2";
			};
			name = Debug;
		};
		41B1242C20C69C2B0008E343 /* Release */ = {
			isa = XCBuildConfiguration;
			baseConfigurationReference = EF1DDA1F5CA881877E8D967D /* Pods-Connect.release.xcconfig */;
			buildSettings = {
				ASSETCATALOG_COMPILER_APPICON_NAME = AppIcon;
				CODE_SIGN_STYLE = Automatic;
				DEVELOPMENT_TEAM = N85Z38G8MP;
				INFOPLIST_FILE = Connect/Info.plist;
				LD_RUNPATH_SEARCH_PATHS = (
					"$(inherited)",
					"@executable_path/Frameworks",
				);
				PRODUCT_BUNDLE_IDENTIFIER = nl.mprog.apps.Connect;
				PRODUCT_NAME = "$(TARGET_NAME)";
				SWIFT_VERSION = 4.0;
				TARGETED_DEVICE_FAMILY = "1,2";
			};
			name = Release;
		};
		41B1242E20C69C2B0008E343 /* Debug */ = {
			isa = XCBuildConfiguration;
			baseConfigurationReference = 1179DE6348546128DFD45FE1 /* Pods-ConnectTests.debug.xcconfig */;
			buildSettings = {
				ALWAYS_EMBED_SWIFT_STANDARD_LIBRARIES = YES;
				BUNDLE_LOADER = "$(TEST_HOST)";
				CODE_SIGN_STYLE = Automatic;
				DEVELOPMENT_TEAM = N85Z38G8MP;
				INFOPLIST_FILE = ConnectTests/Info.plist;
				LD_RUNPATH_SEARCH_PATHS = (
					"$(inherited)",
					"@executable_path/Frameworks",
					"@loader_path/Frameworks",
				);
				PRODUCT_BUNDLE_IDENTIFIER = nl.mprog.apps.ConnectTests;
				PRODUCT_NAME = "$(TARGET_NAME)";
				SWIFT_VERSION = 4.0;
				TARGETED_DEVICE_FAMILY = "1,2";
				TEST_HOST = "$(BUILT_PRODUCTS_DIR)/Connect.app/Connect";
			};
			name = Debug;
		};
		41B1242F20C69C2B0008E343 /* Release */ = {
			isa = XCBuildConfiguration;
			baseConfigurationReference = 2ADB193C8AEB3409CBB77125 /* Pods-ConnectTests.release.xcconfig */;
			buildSettings = {
				ALWAYS_EMBED_SWIFT_STANDARD_LIBRARIES = YES;
				BUNDLE_LOADER = "$(TEST_HOST)";
				CODE_SIGN_STYLE = Automatic;
				DEVELOPMENT_TEAM = N85Z38G8MP;
				INFOPLIST_FILE = ConnectTests/Info.plist;
				LD_RUNPATH_SEARCH_PATHS = (
					"$(inherited)",
					"@executable_path/Frameworks",
					"@loader_path/Frameworks",
				);
				PRODUCT_BUNDLE_IDENTIFIER = nl.mprog.apps.ConnectTests;
				PRODUCT_NAME = "$(TARGET_NAME)";
				SWIFT_VERSION = 4.0;
				TARGETED_DEVICE_FAMILY = "1,2";
				TEST_HOST = "$(BUILT_PRODUCTS_DIR)/Connect.app/Connect";
			};
			name = Release;
		};
		41B1243120C69C2B0008E343 /* Debug */ = {
			isa = XCBuildConfiguration;
			baseConfigurationReference = 340D0017E9B2F1507ADA7076 /* Pods-ConnectUITests.debug.xcconfig */;
			buildSettings = {
				ALWAYS_EMBED_SWIFT_STANDARD_LIBRARIES = YES;
				CODE_SIGN_STYLE = Automatic;
				DEVELOPMENT_TEAM = N85Z38G8MP;
				INFOPLIST_FILE = ConnectUITests/Info.plist;
				LD_RUNPATH_SEARCH_PATHS = (
					"$(inherited)",
					"@executable_path/Frameworks",
					"@loader_path/Frameworks",
				);
				PRODUCT_BUNDLE_IDENTIFIER = nl.mprog.apps.ConnectUITests;
				PRODUCT_NAME = "$(TARGET_NAME)";
				SWIFT_VERSION = 4.0;
				TARGETED_DEVICE_FAMILY = "1,2";
				TEST_TARGET_NAME = Connect;
			};
			name = Debug;
		};
		41B1243220C69C2B0008E343 /* Release */ = {
			isa = XCBuildConfiguration;
			baseConfigurationReference = 862C5132121E2486986530C3 /* Pods-ConnectUITests.release.xcconfig */;
			buildSettings = {
				ALWAYS_EMBED_SWIFT_STANDARD_LIBRARIES = YES;
				CODE_SIGN_STYLE = Automatic;
				DEVELOPMENT_TEAM = N85Z38G8MP;
				INFOPLIST_FILE = ConnectUITests/Info.plist;
				LD_RUNPATH_SEARCH_PATHS = (
					"$(inherited)",
					"@executable_path/Frameworks",
					"@loader_path/Frameworks",
				);
				PRODUCT_BUNDLE_IDENTIFIER = nl.mprog.apps.ConnectUITests;
				PRODUCT_NAME = "$(TARGET_NAME)";
				SWIFT_VERSION = 4.0;
				TARGETED_DEVICE_FAMILY = "1,2";
				TEST_TARGET_NAME = Connect;
			};
			name = Release;
		};
/* End XCBuildConfiguration section */

/* Begin XCConfigurationList section */
		41B123FD20C69C220008E343 /* Build configuration list for PBXProject "Connect" */ = {
			isa = XCConfigurationList;
			buildConfigurations = (
				41B1242820C69C2B0008E343 /* Debug */,
				41B1242920C69C2B0008E343 /* Release */,
			);
			defaultConfigurationIsVisible = 0;
			defaultConfigurationName = Release;
		};
		41B1242A20C69C2B0008E343 /* Build configuration list for PBXNativeTarget "Connect" */ = {
			isa = XCConfigurationList;
			buildConfigurations = (
				41B1242B20C69C2B0008E343 /* Debug */,
				41B1242C20C69C2B0008E343 /* Release */,
			);
			defaultConfigurationIsVisible = 0;
			defaultConfigurationName = Release;
		};
		41B1242D20C69C2B0008E343 /* Build configuration list for PBXNativeTarget "ConnectTests" */ = {
			isa = XCConfigurationList;
			buildConfigurations = (
				41B1242E20C69C2B0008E343 /* Debug */,
				41B1242F20C69C2B0008E343 /* Release */,
			);
			defaultConfigurationIsVisible = 0;
			defaultConfigurationName = Release;
		};
		41B1243020C69C2B0008E343 /* Build configuration list for PBXNativeTarget "ConnectUITests" */ = {
			isa = XCConfigurationList;
			buildConfigurations = (
				41B1243120C69C2B0008E343 /* Debug */,
				41B1243220C69C2B0008E343 /* Release */,
			);
			defaultConfigurationIsVisible = 0;
			defaultConfigurationName = Release;
		};
/* End XCConfigurationList section */
	};
	rootObject = 41B123FA20C69C220008E343 /* Project object */;
}
